
Microsoft Visual Studio Solution File, Format Version 12.00
# Visual Studio Version 16
VisualStudioVersion = 16.0.29613.14
MinimumVisualStudioVersion = 10.0.40219.1
Project("{FAE04EC0-301F-11D3-BF4B-00C04F79EFBC}") = "ExcellentAcademy", "ExcellentAcademy\ExcellentAcademy.csproj", "{76AB3860-BC45-491E-AF96-E9E0839C1A5B}"
EndProject
Global
	GlobalSection(SolutionConfigurationPlatforms) = preSolution
		Debug|Any CPU = Debug|Any CPU
		Release|Any CPU = Release|Any CPU
	EndGlobalSection
	GlobalSection(ProjectConfigurationPlatforms) = postSolution
		{76AB3860-BC45-491E-AF96-E9E0839C1A5B}.Debug|Any CPU.ActiveCfg = Debug|Any CPU
		{76AB3860-BC45-491E-AF96-E9E0839C1A5B}.Debug|Any CPU.Build.0 = Debug|Any CPU
		{76AB3860-BC45-491E-AF96-E9E0839C1A5B}.Release|Any CPU.ActiveCfg = Release|Any CPU
		{76AB3860-BC45-491E-AF96-E9E0839C1A5B}.Release|Any CPU.Build.0 = Release|Any CPU
	EndGlobalSection
	GlobalSection(SolutionProperties) = preSolution
		HideSolutionNode = FALSE
	EndGlobalSection
	GlobalSection(ExtensibilityGlobals) = postSolution
		SolutionGuid = {2193545E-57CC-4C8E-8605-F7A4B716602D}
	EndGlobalSection
EndGlobal
